
Microsoft Visual Studio Solution File, Format Version 12.00
# Visual Studio 15
VisualStudioVersion = 15.0.27428.1
MinimumVisualStudioVersion = 10.0.40219.1
Project("{E24C65DC-7377-472B-9ABA-BC803B73C61A}") = "VueJS", "VueJS\", "{27CA6EF3-C19D-44DC-A3EB-1BAC6285FDF5}"
	ProjectSection(WebsiteProperties) = preProject
		TargetFrameworkMoniker = ".NETFramework,Version%3Dv4.6.1"
		Debug.AspNetCompiler.VirtualPath = "/localhost_50931"
		Debug.AspNetCompiler.PhysicalPath = "VueJS\"
		Debug.AspNetCompiler.TargetPath = "PrecompiledWeb\localhost_50931\"
		Debug.AspNetCompiler.Updateable = "true"
		Debug.AspNetCompiler.ForceOverwrite = "true"
		Debug.AspNetCompiler.FixedNames = "false"
		Debug.AspNetCompiler.Debug = "True"
		Release.AspNetCompiler.VirtualPath = "/localhost_50931"
		Release.AspNetCompiler.PhysicalPath = "VueJS\"
		Release.AspNetCompiler.TargetPath = "PrecompiledWeb\localhost_50931\"
		Release.AspNetCompiler.Updateable = "true"
		Release.AspNetCompiler.ForceOverwrite = "true"
		Release.AspNetCompiler.FixedNames = "false"
		Release.AspNetCompiler.Debug = "False"
		VWDPort = "50931"
		SlnRelativePath = "VueJS\"
		DefaultWebSiteLanguage = "Visual C#"
	EndProjectSection
EndProject
Global
	GlobalSection(SolutionConfigurationPlatforms) = preSolution
		Debug|Any CPU = Debug|Any CPU
	EndGlobalSection
	GlobalSection(ProjectConfigurationPlatforms) = postSolution
		{27CA6EF3-C19D-44DC-A3EB-1BAC6285FDF5}.Debug|Any CPU.ActiveCfg = Debug|Any CPU
		{27CA6EF3-C19D-44DC-A3EB-1BAC6285FDF5}.Debug|Any CPU.Build.0 = Debug|Any CPU
	EndGlobalSection
	GlobalSection(SolutionProperties) = preSolution
		HideSolutionNode = FALSE
	EndGlobalSection
	GlobalSection(ExtensibilityGlobals) = postSolution
		SolutionGuid = {AB534537-A414-4AB7-BE1A-25273C3CFC3B}
	EndGlobalSection
EndGlobal
